// !$*UTF8*$!
{
	archiveVersion = 1;
	classes = {
	};
	objectVersion = 46;
	objects = {

/* Begin PBXBuildFile section */
		5433895B1CF82F2700EBEB27 /* WeiXinController.swift in Sources */ = {isa = PBXBuildFile; fileRef = 5433895A1CF82F2700EBEB27 /* WeiXinController.swift */; };
		5433895D1CF8349D00EBEB27 /* TongXuLuController.swift in Sources */ = {isa = PBXBuildFile; fileRef = 5433895C1CF8349D00EBEB27 /* TongXuLuController.swift */; };
		5433895F1CF834AC00EBEB27 /* FindController.swift in Sources */ = {isa = PBXBuildFile; fileRef = 5433895E1CF834AC00EBEB27 /* FindController.swift */; };
		543389611CF834B800EBEB27 /* MeController.swift in Sources */ = {isa = PBXBuildFile; fileRef = 543389601CF834B800EBEB27 /* MeController.swift */; };
		547360481CFBED9A00CA9FF3 /* MessageCell.swift in Sources */ = {isa = PBXBuildFile; fileRef = 547360471CFBED9A00CA9FF3 /* MessageCell.swift */; };
		547360501CFC2B1B00CA9FF3 /* MessageModel.swift in Sources */ = {isa = PBXBuildFile; fileRef = 5473604F1CFC2B1B00CA9FF3 /* MessageModel.swift */; };
		547360561CFC2EB600CA9FF3 /* MessageDataManager.swift in Sources */ = {isa = PBXBuildFile; fileRef = 547360551CFC2EB600CA9FF3 /* MessageDataManager.swift */; };
		547360581CFC339B00CA9FF3 /* MessageDetailController.swift in Sources */ = {isa = PBXBuildFile; fileRef = 547360571CFC339B00CA9FF3 /* MessageDetailController.swift */; };
		54831DA61CF8283C00AA2DA7 /* AppDelegate.swift in Sources */ = {isa = PBXBuildFile; fileRef = 54831DA51CF8283C00AA2DA7 /* AppDelegate.swift */; };
		54831DA81CF8283C00AA2DA7 /* ViewController.swift in Sources */ = {isa = PBXBuildFile; fileRef = 54831DA71CF8283C00AA2DA7 /* ViewController.swift */; };
		54831DAB1CF8283C00AA2DA7 /* Main.storyboard in Resources */ = {isa = PBXBuildFile; fileRef = 54831DA91CF8283C00AA2DA7 /* Main.storyboard */; };
		54831DAD1CF8283C00AA2DA7 /* Assets.xcassets in Resources */ = {isa = PBXBuildFile; fileRef = 54831DAC1CF8283C00AA2DA7 /* Assets.xcassets */; };
		54831DB01CF8283C00AA2DA7 /* LaunchScreen.storyboard in Resources */ = {isa = PBXBuildFile; fileRef = 54831DAE1CF8283C00AA2DA7 /* LaunchScreen.storyboard */; };
		54831DBB1CF8283C00AA2DA7 /* StoryBoardDemo2Tests.swift in Sources */ = {isa = PBXBuildFile; fileRef = 54831DBA1CF8283C00AA2DA7 /* StoryBoardDemo2Tests.swift */; };
		54831DC61CF8283C00AA2DA7 /* StoryBoardDemo2UITests.swift in Sources */ = {isa = PBXBuildFile; fileRef = 54831DC51CF8283C00AA2DA7 /* StoryBoardDemo2UITests.swift */; };
		54D632691CF84C550064F172 /* CustomTabarController.swift in Sources */ = {isa = PBXBuildFile; fileRef = 54D632681CF84C550064F172 /* CustomTabarController.swift */; };
		54E1D08B1CFD5D6F00C84506 /* CustomNavigationController.swift in Sources */ = {isa = PBXBuildFile; fileRef = 54E1D08A1CFD5D6F00C84506 /* CustomNavigationController.swift */; };
/* End PBXBuildFile section */

/* Begin PBXContainerItemProxy section */
		54831DB71CF8283C00AA2DA7 /* PBXContainerItemProxy */ = {
			isa = PBXContainerItemProxy;
			containerPortal = 54831D9A1CF8283C00AA2DA7 /* Project object */;
			proxyType = 1;
			remoteGlobalIDString = 54831DA11CF8283C00AA2DA7;
			remoteInfo = StoryBoardDemo2;
		};
		54831DC21CF8283C00AA2DA7 /* PBXContainerItemProxy */ = {
			isa = PBXContainerItemProxy;
			containerPortal = 54831D9A1CF8283C00AA2DA7 /* Project object */;
			proxyType = 1;
			remoteGlobalIDString = 54831DA11CF8283C00AA2DA7;
			remoteInfo = StoryBoardDemo2;
		};
/* End PBXContainerItemProxy section */

/* Begin PBXFileReference section */
		5433895A1CF82F2700EBEB27 /* WeiXinController.swift */ = {isa = PBXFileReference; fileEncoding = 4; lastKnownFileType = sourcecode.swift; path = WeiXinController.swift; sourceTree = "<group>"; };
		5433895C1CF8349D00EBEB27 /* TongXuLuController.swift */ = {isa = PBXFileReference; fileEncoding = 4; lastKnownFileType = sourcecode.swift; path = TongXuLuController.swift; sourceTree = "<group>"; };
		5433895E1CF834AC00EBEB27 /* FindController.swift */ = {isa = PBXFileReference; fileEncoding = 4; lastKnownFileType = sourcecode.swift; path = FindController.swift; sourceTree = "<group>"; };
		543389601CF834B800EBEB27 /* MeController.swift */ = {isa = PBXFileReference; fileEncoding = 4; lastKnownFileType = sourcecode.swift; path = MeController.swift; sourceTree = "<group>"; };
		547360471CFBED9A00CA9FF3 /* MessageCell.swift */ = {isa = PBXFileReference; fileEncoding = 4; lastKnownFileType = sourcecode.swift; path = MessageCell.swift; sourceTree = "<group>"; };
		5473604F1CFC2B1B00CA9FF3 /* MessageModel.swift */ = {isa = PBXFileReference; fileEncoding = 4; lastKnownFileType = sourcecode.swift; path = MessageModel.swift; sourceTree = "<group>"; };
		547360551CFC2EB600CA9FF3 /* MessageDataManager.swift */ = {isa = PBXFileReference; fileEncoding = 4; lastKnownFileType = sourcecode.swift; path = MessageDataManager.swift; sourceTree = "<group>"; };
		547360571CFC339B00CA9FF3 /* MessageDetailController.swift */ = {isa = PBXFileReference; fileEncoding = 4; lastKnownFileType = sourcecode.swift; path = MessageDetailController.swift; sourceTree = "<group>"; };
		54831DA21CF8283C00AA2DA7 /* StoryBoardDemo2.app */ = {isa = PBXFileReference; explicitFileType = wrapper.application; includeInIndex = 0; path = StoryBoardDemo2.app; sourceTree = BUILT_PRODUCTS_DIR; };
		54831DA51CF8283C00AA2DA7 /* AppDelegate.swift */ = {isa = PBXFileReference; lastKnownFileType = sourcecode.swift; path = AppDelegate.swift; sourceTree = "<group>"; };
		54831DA71CF8283C00AA2DA7 /* ViewController.swift */ = {isa = PBXFileReference; lastKnownFileType = sourcecode.swift; path = ViewController.swift; sourceTree = "<group>"; };
		54831DAA1CF8283C00AA2DA7 /* Base */ = {isa = PBXFileReference; lastKnownFileType = file.storyboard; name = Base; path = Base.lproj/Main.storyboard; sourceTree = "<group>"; };
		54831DAC1CF8283C00AA2DA7 /* Assets.xcassets */ = {isa = PBXFileReference; lastKnownFileType = folder.assetcatalog; path = Assets.xcassets; sourceTree = "<group>"; };
		54831DAF1CF8283C00AA2DA7 /* Base */ = {isa = PBXFileReference; lastKnownFileType = file.storyboard; name = Base; path = Base.lproj/LaunchScreen.storyboard; sourceTree = "<group>"; };
		54831DB11CF8283C00AA2DA7 /* Info.plist */ = {isa = PBXFileReference; lastKnownFileType = text.plist.xml; path = Info.plist; sourceTree = "<group>"; };
		54831DB61CF8283C00AA2DA7 /* StoryBoardDemo2Tests.xctest */ = {isa = PBXFileReference; explicitFileType = wrapper.cfbundle; includeInIndex = 0; path = StoryBoardDemo2Tests.xctest; sourceTree = BUILT_PRODUCTS_DIR; };
		54831DBA1CF8283C00AA2DA7 /* StoryBoardDemo2Tests.swift */ = {isa = PBXFileReference; lastKnownFileType = sourcecode.swift; path = StoryBoardDemo2Tests.swift; sourceTree = "<group>"; };
		54831DBC1CF8283C00AA2DA7 /* Info.plist */ = {isa = PBXFileReference; lastKnownFileType = text.plist.xml; path = Info.plist; sourceTree = "<group>"; };
		54831DC11CF8283C00AA2DA7 /* StoryBoardDemo2UITests.xctest */ = {isa = PBXFileReference; explicitFileType = wrapper.cfbundle; includeInIndex = 0; path = StoryBoardDemo2UITests.xctest; sourceTree = BUILT_PRODUCTS_DIR; };
		54831DC51CF8283C00AA2DA7 /* StoryBoardDemo2UITests.swift */ = {isa = PBXFileReference; lastKnownFileType = sourcecode.swift; path = StoryBoardDemo2UITests.swift; sourceTree = "<group>"; };
		54831DC71CF8283C00AA2DA7 /* Info.plist */ = {isa = PBXFileReference; lastKnownFileType = text.plist.xml; path = Info.plist; sourceTree = "<group>"; };
		54D632681CF84C550064F172 /* CustomTabarController.swift */ = {isa = PBXFileReference; fileEncoding = 4; lastKnownFileType = sourcecode.swift; path = CustomTabarController.swift; sourceTree = "<group>"; };
		54E1D08A1CFD5D6F00C84506 /* CustomNavigationController.swift */ = {isa = PBXFileReference; fileEncoding = 4; lastKnownFileType = sourcecode.swift; path = CustomNavigationController.swift; sourceTree = "<group>"; };
/* End PBXFileReference section */

/* Begin PBXFrameworksBuildPhase section */
		54831D9F1CF8283C00AA2DA7 /* Frameworks */ = {
			isa = PBXFrameworksBuildPhase;
			buildActionMask = 2147483647;
			files = (
			);
			runOnlyForDeploymentPostprocessing = 0;
		};
		54831DB31CF8283C00AA2DA7 /* Frameworks */ = {
			isa = PBXFrameworksBuildPhase;
			buildActionMask = 2147483647;
			files = (
			);
			runOnlyForDeploymentPostprocessing = 0;
		};
		54831DBE1CF8283C00AA2DA7 /* Frameworks */ = {
			isa = PBXFrameworksBuildPhase;
			buildActionMask = 2147483647;
			files = (
			);
			runOnlyForDeploymentPostprocessing = 0;
		};
/* End PBXFrameworksBuildPhase section */

/* Begin PBXGroup section */
		54831D991CF8283C00AA2DA7 = {
			isa = PBXGroup;
			children = (
				54831DA41CF8283C00AA2DA7 /* StoryBoardDemo2 */,
				54831DB91CF8283C00AA2DA7 /* StoryBoardDemo2Tests */,
				54831DC41CF8283C00AA2DA7 /* StoryBoardDemo2UITests */,
				54831DA31CF8283C00AA2DA7 /* Products */,
			);
			sourceTree = "<group>";
		};
		54831DA31CF8283C00AA2DA7 /* Products */ = {
			isa = PBXGroup;
			children = (
				54831DA21CF8283C00AA2DA7 /* StoryBoardDemo2.app */,
				54831DB61CF8283C00AA2DA7 /* StoryBoardDemo2Tests.xctest */,
				54831DC11CF8283C00AA2DA7 /* StoryBoardDemo2UITests.xctest */,
			);
			name = Products;
			sourceTree = "<group>";
		};
		54831DA41CF8283C00AA2DA7 /* StoryBoardDemo2 */ = {
			isa = PBXGroup;
			children = (
				54831DA51CF8283C00AA2DA7 /* AppDelegate.swift */,
				54831DA71CF8283C00AA2DA7 /* ViewController.swift */,
				54831DA91CF8283C00AA2DA7 /* Main.storyboard */,
				54831DAC1CF8283C00AA2DA7 /* Assets.xcassets */,
				54831DAE1CF8283C00AA2DA7 /* LaunchScreen.storyboard */,
				54831DB11CF8283C00AA2DA7 /* Info.plist */,
				5433895A1CF82F2700EBEB27 /* WeiXinController.swift */,
				5433895C1CF8349D00EBEB27 /* TongXuLuController.swift */,
				5433895E1CF834AC00EBEB27 /* FindController.swift */,
				543389601CF834B800EBEB27 /* MeController.swift */,
				54D632681CF84C550064F172 /* CustomTabarController.swift */,
				547360471CFBED9A00CA9FF3 /* MessageCell.swift */,
				5473604F1CFC2B1B00CA9FF3 /* MessageModel.swift */,
				547360551CFC2EB600CA9FF3 /* MessageDataManager.swift */,
				547360571CFC339B00CA9FF3 /* MessageDetailController.swift */,
				54E1D08A1CFD5D6F00C84506 /* CustomNavigationController.swift */,
			);
			path = StoryBoardDemo2;
			sourceTree = "<group>";
		};
		54831DB91CF8283C00AA2DA7 /* StoryBoardDemo2Tests */ = {
			isa = PBXGroup;
			children = (
				54831DBA1CF8283C00AA2DA7 /* StoryBoardDemo2Tests.swift */,
				54831DBC1CF8283C00AA2DA7 /* Info.plist */,
			);
			path = StoryBoardDemo2Tests;
			sourceTree = "<group>";
		};
		54831DC41CF8283C00AA2DA7 /* StoryBoardDemo2UITests */ = {
			isa = PBXGroup;
			children = (
				54831DC51CF8283C00AA2DA7 /* StoryBoardDemo2UITests.swift */,
				54831DC71CF8283C00AA2DA7 /* Info.plist */,
			);
			path = StoryBoardDemo2UITests;
			sourceTree = "<group>";
		};
/* End PBXGroup section */

/* Begin PBXNativeTarget section */
		54831DA11CF8283C00AA2DA7 /* StoryBoardDemo2 */ = {
			isa = PBXNativeTarget;
			buildConfigurationList = 54831DCA1CF8283C00AA2DA7 /* Build configuration list for PBXNativeTarget "StoryBoardDemo2" */;
			buildPhases = (
				54831D9E1CF8283C00AA2DA7 /* Sources */,
				54831D9F1CF8283C00AA2DA7 /* Frameworks */,
				54831DA01CF8283C00AA2DA7 /* Resources */,
			);
			buildRules = (
			);
			dependencies = (
			);
			name = StoryBoardDemo2;
			productName = StoryBoardDemo2;
			productReference = 54831DA21CF8283C00AA2DA7 /* StoryBoardDemo2.app */;
			productType = "com.apple.product-type.application";
		};
		54831DB51CF8283C00AA2DA7 /* StoryBoardDemo2Tests */ = {
			isa = PBXNativeTarget;
			buildConfigurationList = 54831DCD1CF8283C00AA2DA7 /* Build configuration list for PBXNativeTarget "StoryBoardDemo2Tests" */;
			buildPhases = (
				54831DB21CF8283C00AA2DA7 /* Sources */,
				54831DB31CF8283C00AA2DA7 /* Frameworks */,
				54831DB41CF8283C00AA2DA7 /* Resources */,
			);
			buildRules = (
			);
			dependencies = (
				54831DB81CF8283C00AA2DA7 /* PBXTargetDependency */,
			);
			name = StoryBoardDemo2Tests;
			productName = StoryBoardDemo2Tests;
			productReference = 54831DB61CF8283C00AA2DA7 /* StoryBoardDemo2Tests.xctest */;
			productType = "com.apple.product-type.bundle.unit-test";
		};
		54831DC01CF8283C00AA2DA7 /* StoryBoardDemo2UITests */ = {
			isa = PBXNativeTarget;
			buildConfigurationList = 54831DD01CF8283C00AA2DA7 /* Build configuration list for PBXNativeTarget "StoryBoardDemo2UITests" */;
			buildPhases = (
				54831DBD1CF8283C00AA2DA7 /* Sources */,
				54831DBE1CF8283C00AA2DA7 /* Frameworks */,
				54831DBF1CF8283C00AA2DA7 /* Resources */,
			);
			buildRules = (
			);
			dependencies = (
				54831DC31CF8283C00AA2DA7 /* PBXTargetDependency */,
			);
			name = StoryBoardDemo2UITests;
			productName = StoryBoardDemo2UITests;
			productReference = 54831DC11CF8283C00AA2DA7 /* StoryBoardDemo2UITests.xctest */;
			productType = "com.apple.product-type.bundle.ui-testing";
		};
/* End PBXNativeTarget section */

/* Begin PBXProject section */
		54831D9A1CF8283C00AA2DA7 /* Project object */ = {
			isa = PBXProject;
			attributes = {
				LastSwiftUpdateCheck = 0710;
				LastUpgradeCheck = 0710;
				ORGANIZATIONNAME = shimly;
				TargetAttributes = {
					54831DA11CF8283C00AA2DA7 = {
						CreatedOnToolsVersion = 7.1.1;
					};
					54831DB51CF8283C00AA2DA7 = {
						CreatedOnToolsVersion = 7.1.1;
						TestTargetID = 54831DA11CF8283C00AA2DA7;
					};
					54831DC01CF8283C00AA2DA7 = {
						CreatedOnToolsVersion = 7.1.1;
						TestTargetID = 54831DA11CF8283C00AA2DA7;
					};
				};
			};
			buildConfigurationList = 54831D9D1CF8283C00AA2DA7 /* Build configuration list for PBXProject "StoryBoardDemo2" */;
			compatibilityVersion = "Xcode 3.2";
			developmentRegion = English;
			hasScannedForEncodings = 0;
			knownRegions = (
				en,
				Base,
			);
			mainGroup = 54831D991CF8283C00AA2DA7;
			productRefGroup = 54831DA31CF8283C00AA2DA7 /* Products */;
			projectDirPath = "";
			projectRoot = "";
			targets = (
				54831DA11CF8283C00AA2DA7 /* StoryBoardDemo2 */,
				54831DB51CF8283C00AA2DA7 /* StoryBoardDemo2Tests */,
				54831DC01CF8283C00AA2DA7 /* StoryBoardDemo2UITests */,
			);
		};
/* End PBXProject section */

/* Begin PBXResourcesBuildPhase section */
		54831DA01CF8283C00AA2DA7 /* Resources */ = {
			isa = PBXResourcesBuildPhase;
			buildActionMask = 2147483647;
			files = (
				54831DB01CF8283C00AA2DA7 /* LaunchScreen.storyboard in Resources */,
				54831DAD1CF8283C00AA2DA7 /* Assets.xcassets in Resources */,
				54831DAB1CF8283C00AA2DA7 /* Main.storyboard in Resources */,
			);
			runOnlyForDeploymentPostprocessing = 0;
		};
		54831DB41CF8283C00AA2DA7 /* Resources */ = {
			isa = PBXResourcesBuildPhase;
			buildActionMask = 2147483647;
			files = (
			);
			runOnlyForDeploymentPostprocessing = 0;
		};
		54831DBF1CF8283C00AA2DA7 /* Resources */ = {
			isa = PBXResourcesBuildPhase;
			buildActionMask = 2147483647;
			files = (
			);
			runOnlyForDeploymentPostprocessing = 0;
		};
/* End PBXResourcesBuildPhase section */

/* Begin PBXSourcesBuildPhase section */
		54831D9E1CF8283C00AA2DA7 /* Sources */ = {
			isa = PBXSourcesBuildPhase;
			buildActionMask = 2147483647;
			files = (
				54E1D08B1CFD5D6F00C84506 /* CustomNavigationController.swift in Sources */,
				54D632691CF84C550064F172 /* CustomTabarController.swift in Sources */,
				547360481CFBED9A00CA9FF3 /* MessageCell.swift in Sources */,
				5433895B1CF82F2700EBEB27 /* WeiXinController.swift in Sources */,
				5433895D1CF8349D00EBEB27 /* TongXuLuController.swift in Sources */,
				54831DA81CF8283C00AA2DA7 /* ViewController.swift in Sources */,
				547360561CFC2EB600CA9FF3 /* MessageDataManager.swift in Sources */,
				543389611CF834B800EBEB27 /* MeController.swift in Sources */,
				5433895F1CF834AC00EBEB27 /* FindController.swift in Sources */,
				547360581CFC339B00CA9FF3 /* MessageDetailController.swift in Sources */,
				547360501CFC2B1B00CA9FF3 /* MessageModel.swift in Sources */,
				54831DA61CF8283C00AA2DA7 /* AppDelegate.swift in Sources */,
			);
			runOnlyForDeploymentPostprocessing = 0;
		};
		54831DB21CF8283C00AA2DA7 /* Sources */ = {
			isa = PBXSourcesBuildPhase;
			buildActionMask = 2147483647;
			files = (
				54831DBB1CF8283C00AA2DA7 /* StoryBoardDemo2Tests.swift in Sources */,
			);
			runOnlyForDeploymentPostprocessing = 0;
		};
		54831DBD1CF8283C00AA2DA7 /* Sources */ = {
			isa = PBXSourcesBuildPhase;
			buildActionMask = 2147483647;
			files = (
				54831DC61CF8283C00AA2DA7 /* StoryBoardDemo2UITests.swift in Sources */,
			);
			runOnlyForDeploymentPostprocessing = 0;
		};
/* End PBXSourcesBuildPhase section */

/* Begin PBXTargetDependency section */
		54831DB81CF8283C00AA2DA7 /* PBXTargetDependency */ = {
			isa = PBXTargetDependency;
			target = 54831DA11CF8283C00AA2DA7 /* StoryBoardDemo2 */;
			targetProxy = 54831DB71CF8283C00AA2DA7 /* PBXContainerItemProxy */;
		};
		54831DC31CF8283C00AA2DA7 /* PBXTargetDependency */ = {
			isa = PBXTargetDependency;
			target = 54831DA11CF8283C00AA2DA7 /* StoryBoardDemo2 */;
			targetProxy = 54831DC21CF8283C00AA2DA7 /* PBXContainerItemProxy */;
		};
/* End PBXTargetDependency section */

/* Begin PBXVariantGroup section */
		54831DA91CF8283C00AA2DA7 /* Main.storyboard */ = {
			isa = PBXVariantGroup;
			children = (
				54831DAA1CF8283C00AA2DA7 /* Base */,
			);
			name = Main.storyboard;
			sourceTree = "<group>";
		};
		54831DAE1CF8283C00AA2DA7 /* LaunchScreen.storyboard */ = {
			isa = PBXVariantGroup;
			children = (
				54831DAF1CF8283C00AA2DA7 /* Base */,
			);
			name = LaunchScreen.storyboard;
			sourceTree = "<group>";
		};
/* End PBXVariantGroup section */

/* Begin XCBuildConfiguration section */
		54831DC81CF8283C00AA2DA7 /* Debug */ = {
			isa = XCBuildConfiguration;
			buildSettings = {
				ALWAYS_SEARCH_USER_PATHS = NO;
				CLANG_CXX_LANGUAGE_STANDARD = "gnu++0x";
				CLANG_CXX_LIBRARY = "libc++";
				CLANG_ENABLE_MODULES = YES;
				CLANG_ENABLE_OBJC_ARC = YES;
				CLANG_WARN_BOOL_CONVERSION = YES;
				CLANG_WARN_CONSTANT_CONVERSION = YES;
				CLANG_WARN_DIRECT_OBJC_ISA_USAGE = YES_ERROR;
				CLANG_WARN_EMPTY_BODY = YES;
				CLANG_WARN_ENUM_CONVERSION = YES;
				CLANG_WARN_INT_CONVERSION = YES;
				CLANG_WARN_OBJC_ROOT_CLASS = YES_ERROR;
				CLANG_WARN_UNREACHABLE_CODE = YES;
				CLANG_WARN__DUPLICATE_METHOD_MATCH = YES;
				"CODE_SIGN_IDENTITY[sdk=iphoneos*]" = "iPhone Developer";
				COPY_PHASE_STRIP = NO;
				DEBUG_INFORMATION_FORMAT = dwarf;
				ENABLE_STRICT_OBJC_MSGSEND = YES;
				ENABLE_TESTABILITY = YES;
				GCC_C_LANGUAGE_STANDARD = gnu99;
				GCC_DYNAMIC_NO_PIC = NO;
				GCC_NO_COMMON_BLOCKS = YES;
				GCC_OPTIMIZATION_LEVEL = 0;
				GCC_PREPROCESSOR_DEFINITIONS = (
					"DEBUG=1",
					"$(inherited)",
				);
				GCC_WARN_64_TO_32_BIT_CONVERSION = YES;
				GCC_WARN_ABOUT_RETURN_TYPE = YES_ERROR;
				GCC_WARN_UNDECLARED_SELECTOR = YES;
				GCC_WARN_UNINITIALIZED_AUTOS = YES_AGGRESSIVE;
				GCC_WARN_UNUSED_FUNCTION = YES;
				GCC_WARN_UNUSED_VARIABLE = YES;
				IPHONEOS_DEPLOYMENT_TARGET = 9.1;
				MTL_ENABLE_DEBUG_INFO = YES;
				ONLY_ACTIVE_ARCH = YES;
				SDKROOT = iphoneos;
				SWIFT_OPTIMIZATION_LEVEL = "-Onone";
				TARGETED_DEVICE_FAMILY = "1,2";
			};
			name = Debug;
		};
		54831DC91CF8283C00AA2DA7 /* Release */ = {
			isa = XCBuildConfiguration;
			buildSettings = {
				ALWAYS_SEARCH_USER_PATHS = NO;
				CLANG_CXX_LANGUAGE_STANDARD = "gnu++0x";
				CLANG_CXX_LIBRARY = "libc++";
				CLANG_ENABLE_MODULES = YES;
				CLANG_ENABLE_OBJC_ARC = YES;
				CLANG_WARN_BOOL_CONVERSION = YES;
				CLANG_WARN_CONSTANT_CONVERSION = YES;
				CLANG_WARN_DIRECT_OBJC_ISA_USAGE = YES_ERROR;
				CLANG_WARN_EMPTY_BODY = YES;
				CLANG_WARN_ENUM_CONVERSION = YES;
				CLANG_WARN_INT_CONVERSION = YES;
				CLANG_WARN_OBJC_ROOT_CLASS = YES_ERROR;
				CLANG_WARN_UNREACHABLE_CODE = YES;
				CLANG_WARN__DUPLICATE_METHOD_MATCH = YES;
				"CODE_SIGN_IDENTITY[sdk=iphoneos*]" = "iPhone Developer";
				COPY_PHASE_STRIP = NO;
				DEBUG_INFORMATION_FORMAT = "dwarf-with-dsym";
				ENABLE_NS_ASSERTIONS = NO;
				ENABLE_STRICT_OBJC_MSGSEND = YES;
				GCC_C_LANGUAGE_STANDARD = gnu99;
				GCC_NO_COMMON_BLOCKS = YES;
				GCC_WARN_64_TO_32_BIT_CONVERSION = YES;
				GCC_WARN_ABOUT_RETURN_TYPE = YES_ERROR;
				GCC_WARN_UNDECLARED_SELECTOR = YES;
				GCC_WARN_UNINITIALIZED_AUTOS = YES_AGGRESSIVE;
				GCC_WARN_UNUSED_FUNCTION = YES;
				GCC_WARN_UNUSED_VARIABLE = YES;
				IPHONEOS_DEPLOYMENT_TARGET = 9.1;
				MTL_ENABLE_DEBUG_INFO = NO;
				SDKROOT = iphoneos;
				TARGETED_DEVICE_FAMILY = "1,2";
				VALIDATE_PRODUCT = YES;
			};
			name = Release;
		};
		54831DCB1CF8283C00AA2DA7 /* Debug */ = {
			isa = XCBuildConfiguration;
			buildSettings = {
				ASSETCATALOG_COMPILER_APPICON_NAME = AppIcon;
				INFOPLIST_FILE = StoryBoardDemo2/Info.plist;
				LD_RUNPATH_SEARCH_PATHS = "$(inherited) @executable_path/Frameworks";
				PRODUCT_BUNDLE_IDENTIFIER = com.yuntai.StoryBoardDemo2;
				PRODUCT_NAME = "$(TARGET_NAME)";
			};
			name = Debug;
		};
		54831DCC1CF8283C00AA2DA7 /* Release */ = {
			isa = XCBuildConfiguration;
			buildSettings = {
				ASSETCATALOG_COMPILER_APPICON_NAME = AppIcon;
				INFOPLIST_FILE = StoryBoardDemo2/Info.plist;
				LD_RUNPATH_SEARCH_PATHS = "$(inherited) @executable_path/Frameworks";
				PRODUCT_BUNDLE_IDENTIFIER = com.yuntai.StoryBoardDemo2;
				PRODUCT_NAME = "$(TARGET_NAME)";
			};
			name = Release;
		};
		54831DCE1CF8283C00AA2DA7 /* Debug */ = {
			isa = XCBuildConfiguration;
			buildSettings = {
				BUNDLE_LOADER = "$(TEST_HOST)";
				INFOPLIST_FILE = StoryBoardDemo2Tests/Info.plist;
				LD_RUNPATH_SEARCH_PATHS = "$(inherited) @executable_path/Frameworks @loader_path/Frameworks";
				PRODUCT_BUNDLE_IDENTIFIER = com.yuntai.StoryBoardDemo2Tests;
				PRODUCT_NAME = "$(TARGET_NAME)";
				TEST_HOST = "$(BUILT_PRODUCTS_DIR)/StoryBoardDemo2.app/StoryBoardDemo2";
			};
			name = Debug;
		};
		54831DCF1CF8283C00AA2DA7 /* Release */ = {
			isa = XCBuildConfiguration;
			buildSettings = {
				BUNDLE_LOADER = "$(TEST_HOST)";
				INFOPLIST_FILE = StoryBoardDemo2Tests/Info.plist;
				LD_RUNPATH_SEARCH_PATHS = "$(inherited) @executable_path/Frameworks @loader_path/Frameworks";
				PRODUCT_BUNDLE_IDENTIFIER = com.yuntai.StoryBoardDemo2Tests;
				PRODUCT_NAME = "$(TARGET_NAME)";
				TEST_HOST = "$(BUILT_PRODUCTS_DIR)/StoryBoardDemo2.app/StoryBoardDemo2";
			};
			name = Release;
		};
		54831DD11CF8283C00AA2DA7 /* Debug */ = {
			isa = XCBuildConfiguration;
			buildSettings = {
				INFOPLIST_FILE = StoryBoardDemo2UITests/Info.plist;
				LD_RUNPATH_SEARCH_PATHS = "$(inherited) @executable_path/Frameworks @loader_path/Frameworks";
				PRODUCT_BUNDLE_IDENTIFIER = com.yuntai.StoryBoardDemo2UITests;
				PRODUCT_NAME = "$(TARGET_NAME)";
				TEST_TARGET_NAME = StoryBoardDemo2;
				USES_XCTRUNNER = YES;
			};
			name = Debug;
		};
		54831DD21CF8283C00AA2DA7 /* Release */ = {
			isa = XCBuildConfiguration;
			buildSettings = {
				INFOPLIST_FILE = StoryBoardDemo2UITests/Info.plist;
				LD_RUNPATH_SEARCH_PATHS = "$(inherited) @executable_path/Frameworks @loader_path/Frameworks";
				PRODUCT_BUNDLE_IDENTIFIER = com.yuntai.StoryBoardDemo2UITests;
				PRODUCT_NAME = "$(TARGET_NAME)";
				TEST_TARGET_NAME = StoryBoardDemo2;
				USES_XCTRUNNER = YES;
			};
			name = Release;
		};
/* End XCBuildConfiguration section */

/* Begin XCConfigurationList section */
		54831D9D1CF8283C00AA2DA7 /* Build configuration list for PBXProject "StoryBoardDemo2" */ = {
			isa = XCConfigurationList;
			buildConfigurations = (
				54831DC81CF8283C00AA2DA7 /* Debug */,
				54831DC91CF8283C00AA2DA7 /* Release */,
			);
			defaultConfigurationIsVisible = 0;
			defaultConfigurationName = Release;
		};
		54831DCA1CF8283C00AA2DA7 /* Build configuration list for PBXNativeTarget "StoryBoardDemo2" */ = {
			isa = XCConfigurationList;
			buildConfigurations = (
				54831DCB1CF8283C00AA2DA7 /* Debug */,
				54831DCC1CF8283C00AA2DA7 /* Release */,
			);
			defaultConfigurationIsVisible = 0;
			defaultConfigurationName = Release;
		};
		54831DCD1CF8283C00AA2DA7 /* Build configuration list for PBXNativeTarget "StoryBoardDemo2Tests" */ = {
			isa = XCConfigurationList;
			buildConfigurations = (
				54831DCE1CF8283C00AA2DA7 /* Debug */,
				54831DCF1CF8283C00AA2DA7 /* Release */,
			);
			defaultConfigurationIsVisible = 0;
			defaultConfigurationName = Release;
		};
		54831DD01CF8283C00AA2DA7 /* Build configuration list for PBXNativeTarget "StoryBoardDemo2UITests" */ = {
			isa = XCConfigurationList;
			buildConfigurations = (
				54831DD11CF8283C00AA2DA7 /* Debug */,
				54831DD21CF8283C00AA2DA7 /* Release */,
			);
			defaultConfigurationIsVisible = 0;
			defaultConfigurationName = Release;
		};
/* End XCConfigurationList section */
	};
	rootObject = 54831D9A1CF8283C00AA2DA7 /* Project object */;
}
